
Microsoft Visual Studio Solution File, Format Version 12.00
# Visual Studio 14
VisualStudioVersion = 14.0.25420.1
MinimumVisualStudioVersion = 10.0.40219.1
Project("{FAE04EC0-301F-11D3-BF4B-00C04F79EFBC}") = "GabrielLocadora", "GabrielLocadora\GabrielLocadora.csproj", "{7CCDF62A-7BD2-4E66-A821-15A36504C548}"
EndProject
Project("{FAE04EC0-301F-11D3-BF4B-00C04F79EFBC}") = "GabrielLocadora.Tests", "GabrielLocadora.Tests\GabrielLocadora.Tests.csproj", "{9E2105EA-0160-4CEE-A2B1-1C6A47A10F2A}"
EndProject
Global
	GlobalSection(SolutionConfigurationPlatforms) = preSolution
		Debug|Any CPU = Debug|Any CPU
		Release|Any CPU = Release|Any CPU
	EndGlobalSection
	GlobalSection(ProjectConfigurationPlatforms) = postSolution
		{7CCDF62A-7BD2-4E66-A821-15A36504C548}.Debug|Any CPU.ActiveCfg = Debug|Any CPU
		{7CCDF62A-7BD2-4E66-A821-15A36504C548}.Debug|Any CPU.Build.0 = Debug|Any CPU
		{7CCDF62A-7BD2-4E66-A821-15A36504C548}.Release|Any CPU.ActiveCfg = Release|Any CPU
		{7CCDF62A-7BD2-4E66-A821-15A36504C548}.Release|Any CPU.Build.0 = Release|Any CPU
		{9E2105EA-0160-4CEE-A2B1-1C6A47A10F2A}.Debug|Any CPU.ActiveCfg = Debug|Any CPU
		{9E2105EA-0160-4CEE-A2B1-1C6A47A10F2A}.Debug|Any CPU.Build.0 = Debug|Any CPU
		{9E2105EA-0160-4CEE-A2B1-1C6A47A10F2A}.Release|Any CPU.ActiveCfg = Release|Any CPU
		{9E2105EA-0160-4CEE-A2B1-1C6A47A10F2A}.Release|Any CPU.Build.0 = Release|Any CPU
	EndGlobalSection
	GlobalSection(SolutionProperties) = preSolution
		HideSolutionNode = FALSE
	EndGlobalSection
EndGlobal
